
Microsoft Visual Studio Solution File, Format Version 12.00
# Visual Studio Version 16
VisualStudioVersion = 16.0.30717.126
MinimumVisualStudioVersion = 10.0.40219.1
Project("{9A19103F-16F7-4668-BE54-9A1E7A4F7556}") = "UrbanDream.Api.Brigade", "UrbanDream.Api.Brigade\UrbanDream.Api.Brigade.csproj", "{64DA0127-2540-40F4-8077-305B9049040E}"
EndProject
Project("{2150E333-8FDC-42A3-9474-1A3956D46DE8}") = "UrbanDream.Api", "UrbanDream.Api", "{DD2DD586-DF9D-4018-8866-46F59F78C5B1}"
EndProject
Project("{2150E333-8FDC-42A3-9474-1A3956D46DE8}") = "UrbanDream.Contracts", "UrbanDream.Contracts", "{FD2CEFD4-115F-4512-9852-DB13D0292289}"
EndProject
Project("{9A19103F-16F7-4668-BE54-9A1E7A4F7556}") = "UrbanDream.Contracts.Dtos", "BazarJok.Contracts.Dto\UrbanDream.Contracts.Dtos.csproj", "{20F5ECD2-2733-455C-90DE-A2C457A234C0}"
EndProject
Project("{2150E333-8FDC-42A3-9474-1A3956D46DE8}") = "UrbanDream.DataAccess", "UrbanDream.DataAccess", "{C4D40FF6-7148-406C-8ADC-781A553FAE16}"
EndProject
Project("{9A19103F-16F7-4668-BE54-9A1E7A4F7556}") = "UrbanDream.DataAccess.Domain", "UrbanDream.DataAccess.Domain\UrbanDream.DataAccess.Domain.csproj", "{02CDCBDE-6126-43A4-AF1E-76FC8DE97DC2}"
EndProject
Project("{9A19103F-16F7-4668-BE54-9A1E7A4F7556}") = "UrbanDream.DataAccess.Providers", "UrbanDream.DataAccess.Providers\UrbanDream.DataAccess.Providers.csproj", "{CCDCF0DD-F617-49C2-B441-4A61E3ED3877}"
EndProject
Project("{2150E333-8FDC-42A3-9474-1A3956D46DE8}") = "UrbanDream.Services", "UrbanDream.Services", "{BD0FE82E-EA75-454F-A4D8-B4B5C6BB2351}"
EndProject
Project("{9A19103F-16F7-4668-BE54-9A1E7A4F7556}") = "UrbanDream.Services.Identity", "UrbanDream.Services.Identity\UrbanDream.Services.Identity.csproj", "{57B32AF2-EB3F-401E-ABC9-703781AD5494}"
EndProject
Project("{9A19103F-16F7-4668-BE54-9A1E7A4F7556}") = "UrbanDream.Services.Business", "UrbanDream.Services.Business\UrbanDream.Services.Business.csproj", "{B394044E-3FB6-4BD0-BBCC-4522C214767F}"
EndProject
Project("{9A19103F-16F7-4668-BE54-9A1E7A4F7556}") = "UrbanDream.Contracts.ViewModels", "UrbanDream.Contracts.ViewModels\UrbanDream.Contracts.ViewModels.csproj", "{9CE7D44F-E791-412D-A22B-D8D71D002D1D}"
EndProject
Project("{9A19103F-16F7-4668-BE54-9A1E7A4F7556}") = "UrbanDream.Contracts.Options", "UrbanDream.Contracts.Options\UrbanDream.Contracts.Options.csproj", "{968E403D-5EA8-4D67-A44B-F43956EB9C73}"
EndProject
Project("{9A19103F-16F7-4668-BE54-9A1E7A4F7556}") = "UrbanDream.Api.User", "UrbanDream.Api.User\UrbanDream.Api.User.csproj", "{859A8AA1-B7DE-425C-A629-F9BBD37640C2}"
	ProjectSection(ProjectDependencies) = postProject
		{968E403D-5EA8-4D67-A44B-F43956EB9C73} = {968E403D-5EA8-4D67-A44B-F43956EB9C73}
		{9CE7D44F-E791-412D-A22B-D8D71D002D1D} = {9CE7D44F-E791-412D-A22B-D8D71D002D1D}
		{C7B44EA7-2580-4D4E-A736-4C10A789EBE8} = {C7B44EA7-2580-4D4E-A736-4C10A789EBE8}
		{20F5ECD2-2733-455C-90DE-A2C457A234C0} = {20F5ECD2-2733-455C-90DE-A2C457A234C0}
		{CCDCF0DD-F617-49C2-B441-4A61E3ED3877} = {CCDCF0DD-F617-49C2-B441-4A61E3ED3877}
		{02CDCBDE-6126-43A4-AF1E-76FC8DE97DC2} = {02CDCBDE-6126-43A4-AF1E-76FC8DE97DC2}
		{57B32AF2-EB3F-401E-ABC9-703781AD5494} = {57B32AF2-EB3F-401E-ABC9-703781AD5494}
	EndProjectSection
EndProject
Project("{9A19103F-16F7-4668-BE54-9A1E7A4F7556}") = "UrbanDream.Api.Admin", "UrbanDream.Api.Admin\UrbanDream.Api.Admin.csproj", "{A8E73CE1-D4C9-4A4F-8EFB-1AB84452B983}"
EndProject
Project("{9A19103F-16F7-4668-BE54-9A1E7A4F7556}") = "UrbanDream.DataAccess.Models", "UrbanDream.DataAccess.Models\UrbanDream.DataAccess.Models.csproj", "{C7B44EA7-2580-4D4E-A736-4C10A789EBE8}"
EndProject
Project("{2150E333-8FDC-42A3-9474-1A3956D46DE8}") = "Configuration", "Configuration", "{E4714904-508C-49B8-9FD3-6215715AC071}"
	ProjectSection(SolutionItems) = preProject
		Configuration\appsettings.CoreConfigurations.json = Configuration\appsettings.CoreConfigurations.json
	EndProjectSection
EndProject
Project("{9A19103F-16F7-4668-BE54-9A1E7A4F7556}") = "UrbanDream.Contracts.Attributes", "UrbanDream.Contracts.Attributes\UrbanDream.Contracts.Attributes.csproj", "{DB7E1E65-50E6-482E-BA5B-A1726EFFD89F}"
EndProject
Project("{FAE04EC0-301F-11D3-BF4B-00C04F79EFBC}") = "UrbanDream.Contracts.Middlewares", "UrbanDream.Contracts.Middlewares\UrbanDream.Contracts.Middlewares.csproj", "{5B3C3A50-F424-473D-AD25-A42C46B3083D}"
EndProject
Global
	GlobalSection(SolutionConfigurationPlatforms) = preSolution
		Debug|Any CPU = Debug|Any CPU
		Release|Any CPU = Release|Any CPU
	EndGlobalSection
	GlobalSection(ProjectConfigurationPlatforms) = postSolution
		{64DA0127-2540-40F4-8077-305B9049040E}.Debug|Any CPU.ActiveCfg = Debug|Any CPU
		{64DA0127-2540-40F4-8077-305B9049040E}.Debug|Any CPU.Build.0 = Debug|Any CPU
		{64DA0127-2540-40F4-8077-305B9049040E}.Release|Any CPU.ActiveCfg = Release|Any CPU
		{64DA0127-2540-40F4-8077-305B9049040E}.Release|Any CPU.Build.0 = Release|Any CPU
		{20F5ECD2-2733-455C-90DE-A2C457A234C0}.Debug|Any CPU.ActiveCfg = Debug|Any CPU
		{20F5ECD2-2733-455C-90DE-A2C457A234C0}.Debug|Any CPU.Build.0 = Debug|Any CPU
		{20F5ECD2-2733-455C-90DE-A2C457A234C0}.Release|Any CPU.ActiveCfg = Release|Any CPU
		{20F5ECD2-2733-455C-90DE-A2C457A234C0}.Release|Any CPU.Build.0 = Release|Any CPU
		{02CDCBDE-6126-43A4-AF1E-76FC8DE97DC2}.Debug|Any CPU.ActiveCfg = Debug|Any CPU
		{02CDCBDE-6126-43A4-AF1E-76FC8DE97DC2}.Debug|Any CPU.Build.0 = Debug|Any CPU
		{02CDCBDE-6126-43A4-AF1E-76FC8DE97DC2}.Release|Any CPU.ActiveCfg = Release|Any CPU
		{02CDCBDE-6126-43A4-AF1E-76FC8DE97DC2}.Release|Any CPU.Build.0 = Release|Any CPU
		{CCDCF0DD-F617-49C2-B441-4A61E3ED3877}.Debug|Any CPU.ActiveCfg = Debug|Any CPU
		{CCDCF0DD-F617-49C2-B441-4A61E3ED3877}.Debug|Any CPU.Build.0 = Debug|Any CPU
		{CCDCF0DD-F617-49C2-B441-4A61E3ED3877}.Release|Any CPU.ActiveCfg = Release|Any CPU
		{CCDCF0DD-F617-49C2-B441-4A61E3ED3877}.Release|Any CPU.Build.0 = Release|Any CPU
		{57B32AF2-EB3F-401E-ABC9-703781AD5494}.Debug|Any CPU.ActiveCfg = Debug|Any CPU
		{57B32AF2-EB3F-401E-ABC9-703781AD5494}.Debug|Any CPU.Build.0 = Debug|Any CPU
		{57B32AF2-EB3F-401E-ABC9-703781AD5494}.Release|Any CPU.ActiveCfg = Release|Any CPU
		{57B32AF2-EB3F-401E-ABC9-703781AD5494}.Release|Any CPU.Build.0 = Release|Any CPU
		{B394044E-3FB6-4BD0-BBCC-4522C214767F}.Debug|Any CPU.ActiveCfg = Debug|Any CPU
		{B394044E-3FB6-4BD0-BBCC-4522C214767F}.Debug|Any CPU.Build.0 = Debug|Any CPU
		{B394044E-3FB6-4BD0-BBCC-4522C214767F}.Release|Any CPU.ActiveCfg = Release|Any CPU
		{B394044E-3FB6-4BD0-BBCC-4522C214767F}.Release|Any CPU.Build.0 = Release|Any CPU
		{9CE7D44F-E791-412D-A22B-D8D71D002D1D}.Debug|Any CPU.ActiveCfg = Debug|Any CPU
		{9CE7D44F-E791-412D-A22B-D8D71D002D1D}.Debug|Any CPU.Build.0 = Debug|Any CPU
		{9CE7D44F-E791-412D-A22B-D8D71D002D1D}.Release|Any CPU.ActiveCfg = Release|Any CPU
		{9CE7D44F-E791-412D-A22B-D8D71D002D1D}.Release|Any CPU.Build.0 = Release|Any CPU
		{968E403D-5EA8-4D67-A44B-F43956EB9C73}.Debug|Any CPU.ActiveCfg = Debug|Any CPU
		{968E403D-5EA8-4D67-A44B-F43956EB9C73}.Debug|Any CPU.Build.0 = Debug|Any CPU
		{968E403D-5EA8-4D67-A44B-F43956EB9C73}.Release|Any CPU.ActiveCfg = Release|Any CPU
		{968E403D-5EA8-4D67-A44B-F43956EB9C73}.Release|Any CPU.Build.0 = Release|Any CPU
		{859A8AA1-B7DE-425C-A629-F9BBD37640C2}.Debug|Any CPU.ActiveCfg = Debug|Any CPU
		{859A8AA1-B7DE-425C-A629-F9BBD37640C2}.Debug|Any CPU.Build.0 = Debug|Any CPU
		{859A8AA1-B7DE-425C-A629-F9BBD37640C2}.Release|Any CPU.ActiveCfg = Release|Any CPU
		{859A8AA1-B7DE-425C-A629-F9BBD37640C2}.Release|Any CPU.Build.0 = Release|Any CPU
		{A8E73CE1-D4C9-4A4F-8EFB-1AB84452B983}.Debug|Any CPU.ActiveCfg = Debug|Any CPU
		{A8E73CE1-D4C9-4A4F-8EFB-1AB84452B983}.Debug|Any CPU.Build.0 = Debug|Any CPU
		{A8E73CE1-D4C9-4A4F-8EFB-1AB84452B983}.Release|Any CPU.ActiveCfg = Release|Any CPU
		{A8E73CE1-D4C9-4A4F-8EFB-1AB84452B983}.Release|Any CPU.Build.0 = Release|Any CPU
		{C7B44EA7-2580-4D4E-A736-4C10A789EBE8}.Debug|Any CPU.ActiveCfg = Debug|Any CPU
		{C7B44EA7-2580-4D4E-A736-4C10A789EBE8}.Debug|Any CPU.Build.0 = Debug|Any CPU
		{C7B44EA7-2580-4D4E-A736-4C10A789EBE8}.Release|Any CPU.ActiveCfg = Release|Any CPU
		{C7B44EA7-2580-4D4E-A736-4C10A789EBE8}.Release|Any CPU.Build.0 = Release|Any CPU
		{DB7E1E65-50E6-482E-BA5B-A1726EFFD89F}.Debug|Any CPU.ActiveCfg = Debug|Any CPU
		{DB7E1E65-50E6-482E-BA5B-A1726EFFD89F}.Debug|Any CPU.Build.0 = Debug|Any CPU
		{DB7E1E65-50E6-482E-BA5B-A1726EFFD89F}.Release|Any CPU.ActiveCfg = Release|Any CPU
		{DB7E1E65-50E6-482E-BA5B-A1726EFFD89F}.Release|Any CPU.Build.0 = Release|Any CPU
		{5B3C3A50-F424-473D-AD25-A42C46B3083D}.Debug|Any CPU.ActiveCfg = Debug|Any CPU
		{5B3C3A50-F424-473D-AD25-A42C46B3083D}.Debug|Any CPU.Build.0 = Debug|Any CPU
		{5B3C3A50-F424-473D-AD25-A42C46B3083D}.Release|Any CPU.ActiveCfg = Release|Any CPU
		{5B3C3A50-F424-473D-AD25-A42C46B3083D}.Release|Any CPU.Build.0 = Release|Any CPU
	EndGlobalSection
	GlobalSection(SolutionProperties) = preSolution
		HideSolutionNode = FALSE
	EndGlobalSection
	GlobalSection(NestedProjects) = preSolution
		{64DA0127-2540-40F4-8077-305B9049040E} = {DD2DD586-DF9D-4018-8866-46F59F78C5B1}
		{20F5ECD2-2733-455C-90DE-A2C457A234C0} = {FD2CEFD4-115F-4512-9852-DB13D0292289}
		{02CDCBDE-6126-43A4-AF1E-76FC8DE97DC2} = {C4D40FF6-7148-406C-8ADC-781A553FAE16}
		{CCDCF0DD-F617-49C2-B441-4A61E3ED3877} = {C4D40FF6-7148-406C-8ADC-781A553FAE16}
		{57B32AF2-EB3F-401E-ABC9-703781AD5494} = {BD0FE82E-EA75-454F-A4D8-B4B5C6BB2351}
		{B394044E-3FB6-4BD0-BBCC-4522C214767F} = {BD0FE82E-EA75-454F-A4D8-B4B5C6BB2351}
		{9CE7D44F-E791-412D-A22B-D8D71D002D1D} = {FD2CEFD4-115F-4512-9852-DB13D0292289}
		{968E403D-5EA8-4D67-A44B-F43956EB9C73} = {FD2CEFD4-115F-4512-9852-DB13D0292289}
		{859A8AA1-B7DE-425C-A629-F9BBD37640C2} = {DD2DD586-DF9D-4018-8866-46F59F78C5B1}
		{A8E73CE1-D4C9-4A4F-8EFB-1AB84452B983} = {DD2DD586-DF9D-4018-8866-46F59F78C5B1}
		{C7B44EA7-2580-4D4E-A736-4C10A789EBE8} = {C4D40FF6-7148-406C-8ADC-781A553FAE16}
		{DB7E1E65-50E6-482E-BA5B-A1726EFFD89F} = {FD2CEFD4-115F-4512-9852-DB13D0292289}
		{5B3C3A50-F424-473D-AD25-A42C46B3083D} = {FD2CEFD4-115F-4512-9852-DB13D0292289}
	EndGlobalSection
	GlobalSection(ExtensibilityGlobals) = postSolution
		SolutionGuid = {118B6F6C-FFAC-4036-815D-49A939A092ED}
	EndGlobalSection
EndGlobal
